// !$*UTF8*$!
{
	archiveVersion = 1;
	classes = {
	};
	objectVersion = 51;
	objects = {

/* Begin PBXBuildFile section */
		9A46D49E617A2BFCDE1F5BEC /* Pods_MapsApp.framework in Frameworks */ = {isa = PBXBuildFile; fileRef = D38AFFCAD7C28C1665EE42C9 /* Pods_MapsApp.framework */; };
		D351B2D125B5AD6100570B5E /* FavoriteLocationCollectionViewCell.swift in Sources */ = {isa = PBXBuildFile; fileRef = D351B2D025B5AD6100570B5E /* FavoriteLocationCollectionViewCell.swift */; };
		D351B2DA25B5DF1100570B5E /* LocationModels.swift in Sources */ = {isa = PBXBuildFile; fileRef = D351B2D925B5DF1100570B5E /* LocationModels.swift */; };
		D351B2DE25B5DF7700570B5E /* NotificationCenter.swift in Sources */ = {isa = PBXBuildFile; fileRef = D351B2DD25B5DF7700570B5E /* NotificationCenter.swift */; };
		D3A04DA025B87BEC0030C639 /* SeeAllFavoritesViewController.swift in Sources */ = {isa = PBXBuildFile; fileRef = D3A04D9F25B87BEC0030C639 /* SeeAllFavoritesViewController.swift */; };
		D3A04DA325B9D3BA0030C639 /* FavoritLocationTableViewCell.swift in Sources */ = {isa = PBXBuildFile; fileRef = D3A04DA225B9D3BA0030C639 /* FavoritLocationTableViewCell.swift */; };
		D3BDD0E925AC7228008A2E3A /* AddFavoriteViewController.swift in Sources */ = {isa = PBXBuildFile; fileRef = D3BDD0E825AC7228008A2E3A /* AddFavoriteViewController.swift */; };
		D3BDD0ED25AE05E4008A2E3A /* FavoriteDetailsViewController.swift in Sources */ = {isa = PBXBuildFile; fileRef = D3BDD0EC25AE05E4008A2E3A /* FavoriteDetailsViewController.swift */; };
		D3BDD0F025B056F4008A2E3A /* FavoriteDetailsTableViewController.swift in Sources */ = {isa = PBXBuildFile; fileRef = D3BDD0EF25B056F4008A2E3A /* FavoriteDetailsTableViewController.swift */; };
		D3BDD0F425B05757008A2E3A /* IconPickerTableViewController.swift in Sources */ = {isa = PBXBuildFile; fileRef = D3BDD0F325B05757008A2E3A /* IconPickerTableViewController.swift */; };
		D3E2732525964D1A00A055CE /* AppDelegate.swift in Sources */ = {isa = PBXBuildFile; fileRef = D3E2732425964D1A00A055CE /* AppDelegate.swift */; };
		D3E2732725964D1A00A055CE /* SceneDelegate.swift in Sources */ = {isa = PBXBuildFile; fileRef = D3E2732625964D1A00A055CE /* SceneDelegate.swift */; };
		D3E2732C25964D1A00A055CE /* Main.storyboard in Resources */ = {isa = PBXBuildFile; fileRef = D3E2732A25964D1A00A055CE /* Main.storyboard */; };
		D3E2732E25964D1B00A055CE /* Assets.xcassets in Resources */ = {isa = PBXBuildFile; fileRef = D3E2732D25964D1B00A055CE /* Assets.xcassets */; };
		D3E2733125964D1B00A055CE /* LaunchScreen.storyboard in Resources */ = {isa = PBXBuildFile; fileRef = D3E2732F25964D1B00A055CE /* LaunchScreen.storyboard */; };
		D3E2733F2596628C00A055CE /* MapViewController.swift in Sources */ = {isa = PBXBuildFile; fileRef = D3E2733E2596628C00A055CE /* MapViewController.swift */; };
		D3E27368259E58A300A055CE /* MapsSettingsViewController.swift in Sources */ = {isa = PBXBuildFile; fileRef = D3E27367259E58A200A055CE /* MapsSettingsViewController.swift */; };
/* End PBXBuildFile section */

/* Begin PBXFileReference section */
		CE6ABA200EE41E1F34443931 /* Pods-MapsApp.release.xcconfig */ = {isa = PBXFileReference; includeInIndex = 1; lastKnownFileType = text.xcconfig; name = "Pods-MapsApp.release.xcconfig"; path = "Target Support Files/Pods-MapsApp/Pods-MapsApp.release.xcconfig"; sourceTree = "<group>"; };
		D351B2D025B5AD6100570B5E /* FavoriteLocationCollectionViewCell.swift */ = {isa = PBXFileReference; lastKnownFileType = sourcecode.swift; path = FavoriteLocationCollectionViewCell.swift; sourceTree = "<group>"; };
		D351B2D925B5DF1100570B5E /* LocationModels.swift */ = {isa = PBXFileReference; fileEncoding = 4; lastKnownFileType = sourcecode.swift; path = LocationModels.swift; sourceTree = "<group>"; };
		D351B2DD25B5DF7700570B5E /* NotificationCenter.swift */ = {isa = PBXFileReference; lastKnownFileType = sourcecode.swift; path = NotificationCenter.swift; sourceTree = "<group>"; };
		D38AFFCAD7C28C1665EE42C9 /* Pods_MapsApp.framework */ = {isa = PBXFileReference; explicitFileType = wrapper.framework; includeInIndex = 0; path = Pods_MapsApp.framework; sourceTree = BUILT_PRODUCTS_DIR; };
		D3A04D9F25B87BEC0030C639 /* SeeAllFavoritesViewController.swift */ = {isa = PBXFileReference; lastKnownFileType = sourcecode.swift; name = SeeAllFavoritesViewController.swift; path = MapsApp/Modules/SeeAllFavoritesViewController.swift; sourceTree = SOURCE_ROOT; };
		D3A04DA225B9D3BA0030C639 /* FavoritLocationTableViewCell.swift */ = {isa = PBXFileReference; lastKnownFileType = sourcecode.swift; name = FavoritLocationTableViewCell.swift; path = MapsApp/Modules/FavoritLocationTableViewCell.swift; sourceTree = SOURCE_ROOT; };
		D3BDD0E825AC7228008A2E3A /* AddFavoriteViewController.swift */ = {isa = PBXFileReference; lastKnownFileType = sourcecode.swift; path = AddFavoriteViewController.swift; sourceTree = "<group>"; };
		D3BDD0EC25AE05E4008A2E3A /* FavoriteDetailsViewController.swift */ = {isa = PBXFileReference; lastKnownFileType = sourcecode.swift; path = FavoriteDetailsViewController.swift; sourceTree = "<group>"; };
		D3BDD0EF25B056F4008A2E3A /* FavoriteDetailsTableViewController.swift */ = {isa = PBXFileReference; lastKnownFileType = sourcecode.swift; path = FavoriteDetailsTableViewController.swift; sourceTree = "<group>"; };
		D3BDD0F325B05757008A2E3A /* IconPickerTableViewController.swift */ = {isa = PBXFileReference; lastKnownFileType = sourcecode.swift; path = IconPickerTableViewController.swift; sourceTree = "<group>"; };
		D3E2732125964D1A00A055CE /* MapsApp.app */ = {isa = PBXFileReference; explicitFileType = wrapper.application; includeInIndex = 0; path = MapsApp.app; sourceTree = BUILT_PRODUCTS_DIR; };
		D3E2732425964D1A00A055CE /* AppDelegate.swift */ = {isa = PBXFileReference; lastKnownFileType = sourcecode.swift; path = AppDelegate.swift; sourceTree = "<group>"; };
		D3E2732625964D1A00A055CE /* SceneDelegate.swift */ = {isa = PBXFileReference; lastKnownFileType = sourcecode.swift; path = SceneDelegate.swift; sourceTree = "<group>"; };
		D3E2732B25964D1A00A055CE /* Base */ = {isa = PBXFileReference; lastKnownFileType = file.storyboard; name = Base; path = Base.lproj/Main.storyboard; sourceTree = "<group>"; };
		D3E2732D25964D1B00A055CE /* Assets.xcassets */ = {isa = PBXFileReference; lastKnownFileType = folder.assetcatalog; path = Assets.xcassets; sourceTree = "<group>"; };
		D3E2733025964D1B00A055CE /* Base */ = {isa = PBXFileReference; lastKnownFileType = file.storyboard; name = Base; path = Base.lproj/LaunchScreen.storyboard; sourceTree = "<group>"; };
		D3E2733225964D1B00A055CE /* Info.plist */ = {isa = PBXFileReference; lastKnownFileType = text.plist.xml; path = Info.plist; sourceTree = "<group>"; };
		D3E2733E2596628C00A055CE /* MapViewController.swift */ = {isa = PBXFileReference; lastKnownFileType = sourcecode.swift; path = MapViewController.swift; sourceTree = "<group>"; };
		D3E27367259E58A200A055CE /* MapsSettingsViewController.swift */ = {isa = PBXFileReference; lastKnownFileType = sourcecode.swift; path = MapsSettingsViewController.swift; sourceTree = "<group>"; };
		D98140B2FB59B71EEF7AEAF6 /* Pods-MapsApp.debug.xcconfig */ = {isa = PBXFileReference; includeInIndex = 1; lastKnownFileType = text.xcconfig; name = "Pods-MapsApp.debug.xcconfig"; path = "Target Support Files/Pods-MapsApp/Pods-MapsApp.debug.xcconfig"; sourceTree = "<group>"; };
/* End PBXFileReference section */

/* Begin PBXFrameworksBuildPhase section */
		D3E2731E25964D1A00A055CE /* Frameworks */ = {
			isa = PBXFrameworksBuildPhase;
			buildActionMask = 2147483647;
			files = (
				9A46D49E617A2BFCDE1F5BEC /* Pods_MapsApp.framework in Frameworks */,
			);
			runOnlyForDeploymentPostprocessing = 0;
		};
/* End PBXFrameworksBuildPhase section */

/* Begin PBXGroup section */
		47C3DB7F230164E7E9A7BFF3 /* Pods */ = {
			isa = PBXGroup;
			children = (
				D98140B2FB59B71EEF7AEAF6 /* Pods-MapsApp.debug.xcconfig */,
				CE6ABA200EE41E1F34443931 /* Pods-MapsApp.release.xcconfig */,
			);
			path = Pods;
			sourceTree = "<group>";
		};
		D351B2DC25B5DF6600570B5E /* Helpers */ = {
			isa = PBXGroup;
			children = (
				D351B2DD25B5DF7700570B5E /* NotificationCenter.swift */,
			);
			path = Helpers;
			sourceTree = "<group>";
		};
		D3BDD10525B59A4F008A2E3A /* App */ = {
			isa = PBXGroup;
			children = (
				D3E2732425964D1A00A055CE /* AppDelegate.swift */,
				D3E2732625964D1A00A055CE /* SceneDelegate.swift */,
				D3E2732F25964D1B00A055CE /* LaunchScreen.storyboard */,
			);
			path = App;
			sourceTree = "<group>";
		};
		D3BDD10625B59A53008A2E3A /* SupportingFiles */ = {
			isa = PBXGroup;
			children = (
				D3E2732D25964D1B00A055CE /* Assets.xcassets */,
				D3E2733225964D1B00A055CE /* Info.plist */,
			);
			path = SupportingFiles;
			sourceTree = "<group>";
		};
		D3BDD10725B59A5A008A2E3A /* Modules */ = {
			isa = PBXGroup;
			children = (
				D3E2732A25964D1A00A055CE /* Main.storyboard */,
				D3BDD10825B59A61008A2E3A /* Map */,
				D3BDD10B25B59B51008A2E3A /* MapSettings */,
				D3BDD10925B59A69008A2E3A /* AddFavorite */,
			);
			path = Modules;
			sourceTree = "<group>";
		};
		D3BDD10825B59A61008A2E3A /* Map */ = {
			isa = PBXGroup;
			children = (
				D3E2733E2596628C00A055CE /* MapViewController.swift */,
				D351B2D025B5AD6100570B5E /* FavoriteLocationCollectionViewCell.swift */,
			);
			path = Map;
			sourceTree = "<group>";
		};
		D3BDD10925B59A69008A2E3A /* AddFavorite */ = {
			isa = PBXGroup;
			children = (
				D3A04D9F25B87BEC0030C639 /* SeeAllFavoritesViewController.swift */,
				D3A04DA225B9D3BA0030C639 /* FavoritLocationTableViewCell.swift */,
				D3BDD0E825AC7228008A2E3A /* AddFavoriteViewController.swift */,
				D3BDD0EC25AE05E4008A2E3A /* FavoriteDetailsViewController.swift */,
				D3BDD0EF25B056F4008A2E3A /* FavoriteDetailsTableViewController.swift */,
				D3BDD0F325B05757008A2E3A /* IconPickerTableViewController.swift */,
			);
			path = AddFavorite;
			sourceTree = "<group>";
		};
		D3BDD10B25B59B51008A2E3A /* MapSettings */ = {
			isa = PBXGroup;
			children = (
				D3E27367259E58A200A055CE /* MapsSettingsViewController.swift */,
			);
			path = MapSettings;
			sourceTree = "<group>";
		};
		D3BDD11025B59F7F008A2E3A /* Models */ = {
			isa = PBXGroup;
			children = (
				D351B2D925B5DF1100570B5E /* LocationModels.swift */,
			);
			path = Models;
			sourceTree = "<group>";
		};
		D3E2731825964D1A00A055CE = {
			isa = PBXGroup;
			children = (
				D3E2732325964D1A00A055CE /* MapsApp */,
				D3E2732225964D1A00A055CE /* Products */,
				47C3DB7F230164E7E9A7BFF3 /* Pods */,
				F00DD8C2C51156EDDD9892F4 /* Frameworks */,
			);
			sourceTree = "<group>";
		};
		D3E2732225964D1A00A055CE /* Products */ = {
			isa = PBXGroup;
			children = (
				D3E2732125964D1A00A055CE /* MapsApp.app */,
			);
			name = Products;
			sourceTree = "<group>";
		};
		D3E2732325964D1A00A055CE /* MapsApp */ = {
			isa = PBXGroup;
			children = (
				D3BDD10525B59A4F008A2E3A /* App */,
				D3BDD11025B59F7F008A2E3A /* Models */,
				D3BDD10725B59A5A008A2E3A /* Modules */,
				D351B2DC25B5DF6600570B5E /* Helpers */,
				D3BDD10625B59A53008A2E3A /* SupportingFiles */,
			);
			path = MapsApp;
			sourceTree = "<group>";
		};
		F00DD8C2C51156EDDD9892F4 /* Frameworks */ = {
			isa = PBXGroup;
			children = (
				D38AFFCAD7C28C1665EE42C9 /* Pods_MapsApp.framework */,
			);
			name = Frameworks;
			sourceTree = "<group>";
		};
/* End PBXGroup section */

/* Begin PBXNativeTarget section */
		D3E2732025964D1A00A055CE /* MapsApp */ = {
			isa = PBXNativeTarget;
			buildConfigurationList = D3E2733525964D1B00A055CE /* Build configuration list for PBXNativeTarget "MapsApp" */;
			buildPhases = (
				1A44ABE0A6AFE11DA0DE7AD9 /* [CP] Check Pods Manifest.lock */,
				D3E2731D25964D1A00A055CE /* Sources */,
				D3E2731E25964D1A00A055CE /* Frameworks */,
				D3E2731F25964D1A00A055CE /* Resources */,
				620F4620B0D1BF1AD3489769 /* [CP] Embed Pods Frameworks */,
			);
			buildRules = (
			);
			dependencies = (
			);
			name = MapsApp;
			productName = MapsApp;
			productReference = D3E2732125964D1A00A055CE /* MapsApp.app */;
			productType = "com.apple.product-type.application";
		};
/* End PBXNativeTarget section */

/* Begin PBXProject section */
		D3E2731925964D1A00A055CE /* Project object */ = {
			isa = PBXProject;
			attributes = {
				LastSwiftUpdateCheck = 1220;
				LastUpgradeCheck = 1220;
				TargetAttributes = {
					D3E2732025964D1A00A055CE = {
						CreatedOnToolsVersion = 12.2;
					};
				};
			};
			buildConfigurationList = D3E2731C25964D1A00A055CE /* Build configuration list for PBXProject "MapsApp" */;
			compatibilityVersion = "Xcode 9.3";
			developmentRegion = en;
			hasScannedForEncodings = 0;
			knownRegions = (
				en,
				Base,
			);
			mainGroup = D3E2731825964D1A00A055CE;
			productRefGroup = D3E2732225964D1A00A055CE /* Products */;
			projectDirPath = "";
			projectRoot = "";
			targets = (
				D3E2732025964D1A00A055CE /* MapsApp */,
			);
		};
/* End PBXProject section */

/* Begin PBXResourcesBuildPhase section */
		D3E2731F25964D1A00A055CE /* Resources */ = {
			isa = PBXResourcesBuildPhase;
			buildActionMask = 2147483647;
			files = (
				D3E2733125964D1B00A055CE /* LaunchScreen.storyboard in Resources */,
				D3E2732E25964D1B00A055CE /* Assets.xcassets in Resources */,
				D3E2732C25964D1A00A055CE /* Main.storyboard in Resources */,
			);
			runOnlyForDeploymentPostprocessing = 0;
		};
/* End PBXResourcesBuildPhase section */

/* Begin PBXShellScriptBuildPhase section */
		1A44ABE0A6AFE11DA0DE7AD9 /* [CP] Check Pods Manifest.lock */ = {
			isa = PBXShellScriptBuildPhase;
			buildActionMask = 2147483647;
			files = (
			);
			inputFileListPaths = (
			);
			inputPaths = (
				"${PODS_PODFILE_DIR_PATH}/Podfile.lock",
				"${PODS_ROOT}/Manifest.lock",
			);
			name = "[CP] Check Pods Manifest.lock";
			outputFileListPaths = (
			);
			outputPaths = (
				"$(DERIVED_FILE_DIR)/Pods-MapsApp-checkManifestLockResult.txt",
			);
			runOnlyForDeploymentPostprocessing = 0;
			shellPath = /bin/sh;
			shellScript = "diff \"${PODS_PODFILE_DIR_PATH}/Podfile.lock\" \"${PODS_ROOT}/Manifest.lock\" > /dev/null\nif [ $? != 0 ] ; then\n    # print error to STDERR\n    echo \"error: The sandbox is not in sync with the Podfile.lock. Run 'pod install' or update your CocoaPods installation.\" >&2\n    exit 1\nfi\n# This output is used by Xcode 'outputs' to avoid re-running this script phase.\necho \"SUCCESS\" > \"${SCRIPT_OUTPUT_FILE_0}\"\n";
			showEnvVarsInLog = 0;
		};
		620F4620B0D1BF1AD3489769 /* [CP] Embed Pods Frameworks */ = {
			isa = PBXShellScriptBuildPhase;
			buildActionMask = 2147483647;
			files = (
			);
			inputFileListPaths = (
				"${PODS_ROOT}/Target Support Files/Pods-MapsApp/Pods-MapsApp-frameworks-${CONFIGURATION}-input-files.xcfilelist",
			);
			name = "[CP] Embed Pods Frameworks";
			outputFileListPaths = (
				"${PODS_ROOT}/Target Support Files/Pods-MapsApp/Pods-MapsApp-frameworks-${CONFIGURATION}-output-files.xcfilelist",
			);
			runOnlyForDeploymentPostprocessing = 0;
			shellPath = /bin/sh;
			shellScript = "\"${PODS_ROOT}/Target Support Files/Pods-MapsApp/Pods-MapsApp-frameworks.sh\"\n";
			showEnvVarsInLog = 0;
		};
/* End PBXShellScriptBuildPhase section */

/* Begin PBXSourcesBuildPhase section */
		D3E2731D25964D1A00A055CE /* Sources */ = {
			isa = PBXSourcesBuildPhase;
			buildActionMask = 2147483647;
			files = (
				D3E27368259E58A300A055CE /* MapsSettingsViewController.swift in Sources */,
				D3BDD0F025B056F4008A2E3A /* FavoriteDetailsTableViewController.swift in Sources */,
				D351B2DE25B5DF7700570B5E /* NotificationCenter.swift in Sources */,
				D3BDD0ED25AE05E4008A2E3A /* FavoriteDetailsViewController.swift in Sources */,
				D3BDD0E925AC7228008A2E3A /* AddFavoriteViewController.swift in Sources */,
				D351B2DA25B5DF1100570B5E /* LocationModels.swift in Sources */,
				D3A04DA025B87BEC0030C639 /* SeeAllFavoritesViewController.swift in Sources */,
				D3E2732525964D1A00A055CE /* AppDelegate.swift in Sources */,
				D351B2D125B5AD6100570B5E /* FavoriteLocationCollectionViewCell.swift in Sources */,
				D3E2733F2596628C00A055CE /* MapViewController.swift in Sources */,
				D3E2732725964D1A00A055CE /* SceneDelegate.swift in Sources */,
				D3A04DA325B9D3BA0030C639 /* FavoritLocationTableViewCell.swift in Sources */,
				D3BDD0F425B05757008A2E3A /* IconPickerTableViewController.swift in Sources */,
			);
			runOnlyForDeploymentPostprocessing = 0;
		};
/* End PBXSourcesBuildPhase section */

/* Begin PBXVariantGroup section */
		D3E2732A25964D1A00A055CE /* Main.storyboard */ = {
			isa = PBXVariantGroup;
			children = (
				D3E2732B25964D1A00A055CE /* Base */,
			);
			name = Main.storyboard;
			sourceTree = "<group>";
		};
		D3E2732F25964D1B00A055CE /* LaunchScreen.storyboard */ = {
			isa = PBXVariantGroup;
			children = (
				D3E2733025964D1B00A055CE /* Base */,
			);
			name = LaunchScreen.storyboard;
			sourceTree = "<group>";
		};
/* End PBXVariantGroup section */

/* Begin XCBuildConfiguration section */
		D3E2733325964D1B00A055CE /* Debug */ = {
			isa = XCBuildConfiguration;
			buildSettings = {
				ALWAYS_SEARCH_USER_PATHS = NO;
				CLANG_ANALYZER_NONNULL = YES;
				CLANG_ANALYZER_NUMBER_OBJECT_CONVERSION = YES_AGGRESSIVE;
				CLANG_CXX_LANGUAGE_STANDARD = "gnu++14";
				CLANG_CXX_LIBRARY = "libc++";
				CLANG_ENABLE_MODULES = YES;
				CLANG_ENABLE_OBJC_ARC = YES;
				CLANG_ENABLE_OBJC_WEAK = YES;
				CLANG_WARN_BLOCK_CAPTURE_AUTORELEASING = YES;
				CLANG_WARN_BOOL_CONVERSION = YES;
				CLANG_WARN_COMMA = YES;
				CLANG_WARN_CONSTANT_CONVERSION = YES;
				CLANG_WARN_DEPRECATED_OBJC_IMPLEMENTATIONS = YES;
				CLANG_WARN_DIRECT_OBJC_ISA_USAGE = YES_ERROR;
				CLANG_WARN_DOCUMENTATION_COMMENTS = YES;
				CLANG_WARN_EMPTY_BODY = YES;
				CLANG_WARN_ENUM_CONVERSION = YES;
				CLANG_WARN_INFINITE_RECURSION = YES;
				CLANG_WARN_INT_CONVERSION = YES;
				CLANG_WARN_NON_LITERAL_NULL_CONVERSION = YES;
				CLANG_WARN_OBJC_IMPLICIT_RETAIN_SELF = YES;
				CLANG_WARN_OBJC_LITERAL_CONVERSION = YES;
				CLANG_WARN_OBJC_ROOT_CLASS = YES_ERROR;
				CLANG_WARN_QUOTED_INCLUDE_IN_FRAMEWORK_HEADER = YES;
				CLANG_WARN_RANGE_LOOP_ANALYSIS = YES;
				CLANG_WARN_STRICT_PROTOTYPES = YES;
				CLANG_WARN_SUSPICIOUS_MOVE = YES;
				CLANG_WARN_UNGUARDED_AVAILABILITY = YES_AGGRESSIVE;
				CLANG_WARN_UNREACHABLE_CODE = YES;
				CLANG_WARN__DUPLICATE_METHOD_MATCH = YES;
				COPY_PHASE_STRIP = NO;
				DEBUG_INFORMATION_FORMAT = dwarf;
				ENABLE_STRICT_OBJC_MSGSEND = YES;
				ENABLE_TESTABILITY = YES;
				GCC_C_LANGUAGE_STANDARD = gnu11;
				GCC_DYNAMIC_NO_PIC = NO;
				GCC_NO_COMMON_BLOCKS = YES;
				GCC_OPTIMIZATION_LEVEL = 0;
				GCC_PREPROCESSOR_DEFINITIONS = (
					"DEBUG=1",
					"$(inherited)",
				);
				GCC_WARN_64_TO_32_BIT_CONVERSION = YES;
				GCC_WARN_ABOUT_RETURN_TYPE = YES_ERROR;
				GCC_WARN_UNDECLARED_SELECTOR = YES;
				GCC_WARN_UNINITIALIZED_AUTOS = YES_AGGRESSIVE;
				GCC_WARN_UNUSED_FUNCTION = YES;
				GCC_WARN_UNUSED_VARIABLE = YES;
				IPHONEOS_DEPLOYMENT_TARGET = 14.2;
				MTL_ENABLE_DEBUG_INFO = INCLUDE_SOURCE;
				MTL_FAST_MATH = YES;
				ONLY_ACTIVE_ARCH = YES;
				SDKROOT = iphoneos;
				SWIFT_ACTIVE_COMPILATION_CONDITIONS = DEBUG;
				SWIFT_OPTIMIZATION_LEVEL = "-Onone";
			};
			name = Debug;
		};
		D3E2733425964D1B00A055CE /* Release */ = {
			isa = XCBuildConfiguration;
			buildSettings = {
				ALWAYS_SEARCH_USER_PATHS = NO;
				CLANG_ANALYZER_NONNULL = YES;
				CLANG_ANALYZER_NUMBER_OBJECT_CONVERSION = YES_AGGRESSIVE;
				CLANG_CXX_LANGUAGE_STANDARD = "gnu++14";
				CLANG_CXX_LIBRARY = "libc++";
				CLANG_ENABLE_MODULES = YES;
				CLANG_ENABLE_OBJC_ARC = YES;
				CLANG_ENABLE_OBJC_WEAK = YES;
				CLANG_WARN_BLOCK_CAPTURE_AUTORELEASING = YES;
				CLANG_WARN_BOOL_CONVERSION = YES;
				CLANG_WARN_COMMA = YES;
				CLANG_WARN_CONSTANT_CONVERSION = YES;
				CLANG_WARN_DEPRECATED_OBJC_IMPLEMENTATIONS = YES;
				CLANG_WARN_DIRECT_OBJC_ISA_USAGE = YES_ERROR;
				CLANG_WARN_DOCUMENTATION_COMMENTS = YES;
				CLANG_WARN_EMPTY_BODY = YES;
				CLANG_WARN_ENUM_CONVERSION = YES;
				CLANG_WARN_INFINITE_RECURSION = YES;
				CLANG_WARN_INT_CONVERSION = YES;
				CLANG_WARN_NON_LITERAL_NULL_CONVERSION = YES;
				CLANG_WARN_OBJC_IMPLICIT_RETAIN_SELF = YES;
				CLANG_WARN_OBJC_LITERAL_CONVERSION = YES;
				CLANG_WARN_OBJC_ROOT_CLASS = YES_ERROR;
				CLANG_WARN_QUOTED_INCLUDE_IN_FRAMEWORK_HEADER = YES;
				CLANG_WARN_RANGE_LOOP_ANALYSIS = YES;
				CLANG_WARN_STRICT_PROTOTYPES = YES;
				CLANG_WARN_SUSPICIOUS_MOVE = YES;
				CLANG_WARN_UNGUARDED_AVAILABILITY = YES_AGGRESSIVE;
				CLANG_WARN_UNREACHABLE_CODE = YES;
				CLANG_WARN__DUPLICATE_METHOD_MATCH = YES;
				COPY_PHASE_STRIP = NO;
				DEBUG_INFORMATION_FORMAT = "dwarf-with-dsym";
				ENABLE_NS_ASSERTIONS = NO;
				ENABLE_STRICT_OBJC_MSGSEND = YES;
				GCC_C_LANGUAGE_STANDARD = gnu11;
				GCC_NO_COMMON_BLOCKS = YES;
				GCC_WARN_64_TO_32_BIT_CONVERSION = YES;
				GCC_WARN_ABOUT_RETURN_TYPE = YES_ERROR;
				GCC_WARN_UNDECLARED_SELECTOR = YES;
				GCC_WARN_UNINITIALIZED_AUTOS = YES_AGGRESSIVE;
				GCC_WARN_UNUSED_FUNCTION = YES;
				GCC_WARN_UNUSED_VARIABLE = YES;
				IPHONEOS_DEPLOYMENT_TARGET = 14.2;
				MTL_ENABLE_DEBUG_INFO = NO;
				MTL_FAST_MATH = YES;
				SDKROOT = iphoneos;
				SWIFT_COMPILATION_MODE = wholemodule;
				SWIFT_OPTIMIZATION_LEVEL = "-O";
				VALIDATE_PRODUCT = YES;
			};
			name = Release;
		};
		D3E2733625964D1B00A055CE /* Debug */ = {
			isa = XCBuildConfiguration;
			baseConfigurationReference = D98140B2FB59B71EEF7AEAF6 /* Pods-MapsApp.debug.xcconfig */;
			buildSettings = {
				ASSETCATALOG_COMPILER_APPICON_NAME = AppIcon;
				ASSETCATALOG_COMPILER_GLOBAL_ACCENT_COLOR_NAME = AccentColor;
				CODE_SIGN_STYLE = Automatic;
				DEVELOPMENT_TEAM = HRX3B37H9L;
				INFOPLIST_FILE = "$(SRCROOT)/MapsApp/SupportingFiles/Info.plist";
				LD_RUNPATH_SEARCH_PATHS = (
					"$(inherited)",
					"@executable_path/Frameworks",
				);
				PRODUCT_BUNDLE_IDENTIFIER = com.radwa.MapsApp;
				PRODUCT_NAME = "$(TARGET_NAME)";
				SWIFT_VERSION = 5.0;
				TARGETED_DEVICE_FAMILY = "1,2";
			};
			name = Debug;
		};
		D3E2733725964D1B00A055CE /* Release */ = {
			isa = XCBuildConfiguration;
			baseConfigurationReference = CE6ABA200EE41E1F34443931 /* Pods-MapsApp.release.xcconfig */;
			buildSettings = {
				ASSETCATALOG_COMPILER_APPICON_NAME = AppIcon;
				ASSETCATALOG_COMPILER_GLOBAL_ACCENT_COLOR_NAME = AccentColor;
				CODE_SIGN_STYLE = Automatic;
				DEVELOPMENT_TEAM = HRX3B37H9L;
				INFOPLIST_FILE = "$(SRCROOT)/MapsApp/SupportingFiles/Info.plist";
				LD_RUNPATH_SEARCH_PATHS = (
					"$(inherited)",
					"@executable_path/Frameworks",
				);
				PRODUCT_BUNDLE_IDENTIFIER = com.radwa.MapsApp;
				PRODUCT_NAME = "$(TARGET_NAME)";
				SWIFT_VERSION = 5.0;
				TARGETED_DEVICE_FAMILY = "1,2";
			};
			name = Release;
		};
/* End XCBuildConfiguration section */

/* Begin XCConfigurationList section */
		D3E2731C25964D1A00A055CE /* Build configuration list for PBXProject "MapsApp" */ = {
			isa = XCConfigurationList;
			buildConfigurations = (
				D3E2733325964D1B00A055CE /* Debug */,
				D3E2733425964D1B00A055CE /* Release */,
			);
			defaultConfigurationIsVisible = 0;
			defaultConfigurationName = Release;
		};
		D3E2733525964D1B00A055CE /* Build configuration list for PBXNativeTarget "MapsApp" */ = {
			isa = XCConfigurationList;
			buildConfigurations = (
				D3E2733625964D1B00A055CE /* Debug */,
				D3E2733725964D1B00A055CE /* Release */,
			);
			defaultConfigurationIsVisible = 0;
			defaultConfigurationName = Release;
		};
/* End XCConfigurationList section */
	};
	rootObject = D3E2731925964D1A00A055CE /* Project object */;
}
